
Microsoft Visual Studio Solution File, Format Version 12.00
# Visual Studio Version 16
VisualStudioVersion = 16.0.32106.194
MinimumVisualStudioVersion = 10.0.40219.1
Project("{FAE04EC0-301F-11D3-BF4B-00C04F79EFBC}") = "Udemy.Adversitement.UI", "..\Udemy.Adversitement.UI\Udemy.Adversitement.UI.csproj", "{BF0B118C-9602-4DCD-862B-61521B2D6EDD}"
EndProject
Project("{FAE04EC0-301F-11D3-BF4B-00C04F79EFBC}") = "Udemy.Adversitement.Common", "..\Udemy.Adversitement.Common\Udemy.Adversitement.Common.csproj", "{B35225A5-58F0-4FA5-B5BE-5BA93EF44013}"
EndProject
Project("{FAE04EC0-301F-11D3-BF4B-00C04F79EFBC}") = "Udemy.Advertisement.Entities", "..\Udemy.Advertisement.Entities\Udemy.Advertisement.Entities.csproj", "{F78A8D1B-20AD-49E8-B260-9FE690B842FD}"
EndProject
Global
	GlobalSection(SolutionConfigurationPlatforms) = preSolution
		Debug|Any CPU = Debug|Any CPU
		Release|Any CPU = Release|Any CPU
	EndGlobalSection
	GlobalSection(ProjectConfigurationPlatforms) = postSolution
		{BF0B118C-9602-4DCD-862B-61521B2D6EDD}.Debug|Any CPU.ActiveCfg = Debug|Any CPU
		{BF0B118C-9602-4DCD-862B-61521B2D6EDD}.Debug|Any CPU.Build.0 = Debug|Any CPU
		{BF0B118C-9602-4DCD-862B-61521B2D6EDD}.Release|Any CPU.ActiveCfg = Release|Any CPU
		{BF0B118C-9602-4DCD-862B-61521B2D6EDD}.Release|Any CPU.Build.0 = Release|Any CPU
		{B35225A5-58F0-4FA5-B5BE-5BA93EF44013}.Debug|Any CPU.ActiveCfg = Debug|Any CPU
		{B35225A5-58F0-4FA5-B5BE-5BA93EF44013}.Debug|Any CPU.Build.0 = Debug|Any CPU
		{B35225A5-58F0-4FA5-B5BE-5BA93EF44013}.Release|Any CPU.ActiveCfg = Release|Any CPU
		{B35225A5-58F0-4FA5-B5BE-5BA93EF44013}.Release|Any CPU.Build.0 = Release|Any CPU
		{F78A8D1B-20AD-49E8-B260-9FE690B842FD}.Debug|Any CPU.ActiveCfg = Debug|Any CPU
		{F78A8D1B-20AD-49E8-B260-9FE690B842FD}.Debug|Any CPU.Build.0 = Debug|Any CPU
		{F78A8D1B-20AD-49E8-B260-9FE690B842FD}.Release|Any CPU.ActiveCfg = Release|Any CPU
		{F78A8D1B-20AD-49E8-B260-9FE690B842FD}.Release|Any CPU.Build.0 = Release|Any CPU
	EndGlobalSection
	GlobalSection(SolutionProperties) = preSolution
		HideSolutionNode = FALSE
	EndGlobalSection
	GlobalSection(ExtensibilityGlobals) = postSolution
		SolutionGuid = {ACD54028-9A7A-4099-BF79-CA7BB2A01905}
	EndGlobalSection
EndGlobal
